// !$*UTF8*$!
{
	archiveVersion = 1;
	classes = {
	};
	objectVersion = 52;
	objects = {

/* Begin PBXBuildFile section */
		AF12457B254EB6E300FFB1E7 /* SwiftUIWebView.swift in Sources */ = {isa = PBXBuildFile; fileRef = AF12457A254EB6E300FFB1E7 /* SwiftUIWebView.swift */; };
		AF124580254EB72600FFB1E7 /* SwiftUIWebViewModel.swift in Sources */ = {isa = PBXBuildFile; fileRef = AF12457F254EB72600FFB1E7 /* SwiftUIWebViewModel.swift */; };
		AF2849A5254C6DB800D78D2C /* HapticModels.swift in Sources */ = {isa = PBXBuildFile; fileRef = AF2849A4254C6DB800D78D2C /* HapticModels.swift */; };
		AF2849AB254C6E3500D78D2C /* clicked.wav in Resources */ = {isa = PBXBuildFile; fileRef = AF2849A7254C6E3500D78D2C /* clicked.wav */; };
		AF2849AC254C6E3500D78D2C /* sended.wav in Resources */ = {isa = PBXBuildFile; fileRef = AF2849A8254C6E3500D78D2C /* sended.wav */; };
		AF2849AD254C6E3500D78D2C /* loading.wav in Resources */ = {isa = PBXBuildFile; fileRef = AF2849A9254C6E3500D78D2C /* loading.wav */; };
		AF2849AE254C6E3500D78D2C /* reminding.wav in Resources */ = {isa = PBXBuildFile; fileRef = AF2849AA254C6E3500D78D2C /* reminding.wav */; };
		AF30539625455A6600F849A9 /* AppDelegate.swift in Sources */ = {isa = PBXBuildFile; fileRef = AF30539525455A6600F849A9 /* AppDelegate.swift */; };
		AF30539825455A6600F849A9 /* SceneDelegate.swift in Sources */ = {isa = PBXBuildFile; fileRef = AF30539725455A6600F849A9 /* SceneDelegate.swift */; };
		AF30539A25455A6600F849A9 /* ContentView.swift in Sources */ = {isa = PBXBuildFile; fileRef = AF30539925455A6600F849A9 /* ContentView.swift */; };
		AF30539C25455A6800F849A9 /* Assets.xcassets in Resources */ = {isa = PBXBuildFile; fileRef = AF30539B25455A6800F849A9 /* Assets.xcassets */; };
		AF30539F25455A6800F849A9 /* Preview Assets.xcassets in Resources */ = {isa = PBXBuildFile; fileRef = AF30539E25455A6800F849A9 /* Preview Assets.xcassets */; };
		AF3053A225455A6800F849A9 /* LaunchScreen.storyboard in Resources */ = {isa = PBXBuildFile; fileRef = AF3053A025455A6800F849A9 /* LaunchScreen.storyboard */; };
		AF3053AD25455A6800F849A9 /* LNTUHelperTests.swift in Sources */ = {isa = PBXBuildFile; fileRef = AF3053AC25455A6800F849A9 /* LNTUHelperTests.swift */; };
		AF3053B825455A6800F849A9 /* LNTUHelperUITests.swift in Sources */ = {isa = PBXBuildFile; fileRef = AF3053B725455A6800F849A9 /* LNTUHelperUITests.swift */; };
		AF3053C825455ADC00F849A9 /* APIRouter.swift in Sources */ = {isa = PBXBuildFile; fileRef = AF3053C725455ADC00F849A9 /* APIRouter.swift */; };
		AF3053CA25455AE400F849A9 /* APIClient.swift in Sources */ = {isa = PBXBuildFile; fileRef = AF3053C925455AE400F849A9 /* APIClient.swift */; };
		AF3053CD25455B0C00F849A9 /* Alamofire in Frameworks */ = {isa = PBXBuildFile; productRef = AF3053CC25455B0C00F849A9 /* Alamofire */; };
		AF3053CF25455D6700F849A9 /* Constants.swift in Sources */ = {isa = PBXBuildFile; fileRef = AF3053CE25455D6700F849A9 /* Constants.swift */; };
		AF3053D125456E2000F849A9 /* AppErrors.swift in Sources */ = {isa = PBXBuildFile; fileRef = AF3053D025456E2000F849A9 /* AppErrors.swift */; };
		AF3053D4254570CD00F849A9 /* ClassroomModel.swift in Sources */ = {isa = PBXBuildFile; fileRef = AF3053D3254570CD00F849A9 /* ClassroomModel.swift */; };
		AF3053D62545710300F849A9 /* ClassroomView.swift in Sources */ = {isa = PBXBuildFile; fileRef = AF3053D52545710300F849A9 /* ClassroomView.swift */; };
		AF3053D82545711300F849A9 /* ClassroomViewModel.swift in Sources */ = {isa = PBXBuildFile; fileRef = AF3053D72545711300F849A9 /* ClassroomViewModel.swift */; };
		AF525B31254804EC006A2CC9 /* CommonModifiers.swift in Sources */ = {isa = PBXBuildFile; fileRef = AF525B30254804EC006A2CC9 /* CommonModifiers.swift */; };
		AF599BEE2547E4B000E8D769 /* ViewRouter.swift in Sources */ = {isa = PBXBuildFile; fileRef = AF599BED2547E4B000E8D769 /* ViewRouter.swift */; };
		AF599BF02547E57800E8D769 /* LoginView.swift in Sources */ = {isa = PBXBuildFile; fileRef = AF599BEF2547E57800E8D769 /* LoginView.swift */; };
		AF599BF22547EBD400E8D769 /* LoginViewModel.swift in Sources */ = {isa = PBXBuildFile; fileRef = AF599BF12547EBD400E8D769 /* LoginViewModel.swift */; };
		AF599BF52547EDE200E8D769 /* LoginModel.swift in Sources */ = {isa = PBXBuildFile; fileRef = AF599BF42547EDE200E8D769 /* LoginModel.swift */; };
		AF5E4ACD254A595300736FB4 /* GradeView.swift in Sources */ = {isa = PBXBuildFile; fileRef = AF5E4ACC254A595300736FB4 /* GradeView.swift */; };
		AF5E4ACF254A596C00736FB4 /* GradeViewModel.swift in Sources */ = {isa = PBXBuildFile; fileRef = AF5E4ACE254A596C00736FB4 /* GradeViewModel.swift */; };
		AF5E4AD1254A59A900736FB4 /* GradeModel.swift in Sources */ = {isa = PBXBuildFile; fileRef = AF5E4AD0254A59A900736FB4 /* GradeModel.swift */; };
		AF5E4AD5254A8ADC00736FB4 /* SemesterPickerView.swift in Sources */ = {isa = PBXBuildFile; fileRef = AF5E4AD4254A8ADC00736FB4 /* SemesterPickerView.swift */; };
		AF5E4AD8254A8B0A00736FB4 /* GradeRowView.swift in Sources */ = {isa = PBXBuildFile; fileRef = AF5E4AD7254A8B0A00736FB4 /* GradeRowView.swift */; };
		AF5E4ADA254A8BA600736FB4 /* GradeRowDetailView.swift in Sources */ = {isa = PBXBuildFile; fileRef = AF5E4AD9254A8BA600736FB4 /* GradeRowDetailView.swift */; };
		AF5E4ADD254AD95500736FB4 /* NoticeView.swift in Sources */ = {isa = PBXBuildFile; fileRef = AF5E4ADC254AD95500736FB4 /* NoticeView.swift */; };
		AF5E4ADF254AD98200736FB4 /* NoticeRowDetailView.swift in Sources */ = {isa = PBXBuildFile; fileRef = AF5E4ADE254AD98200736FB4 /* NoticeRowDetailView.swift */; };
		AF5E4AE1254AD9A400736FB4 /* NoticeModel.swift in Sources */ = {isa = PBXBuildFile; fileRef = AF5E4AE0254AD9A400736FB4 /* NoticeModel.swift */; };
		AF5E4AE3254AD9B800736FB4 /* NoticeViewModel.swift in Sources */ = {isa = PBXBuildFile; fileRef = AF5E4AE2254AD9B800736FB4 /* NoticeViewModel.swift */; };
		AF5E4AE5254ADB1C00736FB4 /* NoticeCardView.swift in Sources */ = {isa = PBXBuildFile; fileRef = AF5E4AE4254ADB1C00736FB4 /* NoticeCardView.swift */; };
		AF5E4AE7254ADC2800736FB4 /* SectionTextAndImage.swift in Sources */ = {isa = PBXBuildFile; fileRef = AF5E4AE6254ADC2800736FB4 /* SectionTextAndImage.swift */; };
		AF5E4AE9254ADE9F00736FB4 /* NoticeRowView.swift in Sources */ = {isa = PBXBuildFile; fileRef = AF5E4AE8254ADE9F00736FB4 /* NoticeRowView.swift */; };
		AF5E4AEC254AF84900736FB4 /* UserCenterInfoView.swift in Sources */ = {isa = PBXBuildFile; fileRef = AF5E4AEB254AF84800736FB4 /* UserCenterInfoView.swift */; };
		AF79D2852545A0C000C962AE /* BannerModifier.swift in Sources */ = {isa = PBXBuildFile; fileRef = AF79D2842545A0C000C962AE /* BannerModifier.swift */; };
		AF79D2872545B5DF00C962AE /* ClassroomDetailView.swift in Sources */ = {isa = PBXBuildFile; fileRef = AF79D2862545B5DF00C962AE /* ClassroomDetailView.swift */; };
		AF7BD6F42545BDAF00771CDA /* ClassroomDetailRowView.swift in Sources */ = {isa = PBXBuildFile; fileRef = AF7BD6F32545BDAF00771CDA /* ClassroomDetailRowView.swift */; };
		AF7BD6F82546BB9900771CDA /* CourseTableView.swift in Sources */ = {isa = PBXBuildFile; fileRef = AF7BD6F72546BB9900771CDA /* CourseTableView.swift */; };
		AF7BD6FA2546BBA200771CDA /* CourseTableModel.swift in Sources */ = {isa = PBXBuildFile; fileRef = AF7BD6F92546BBA200771CDA /* CourseTableModel.swift */; };
		AF7BD6FC2546BBAD00771CDA /* CourseTableViewModel.swift in Sources */ = {isa = PBXBuildFile; fileRef = AF7BD6FB2546BBAD00771CDA /* CourseTableViewModel.swift */; };
		AF7BD6FE2546BD1F00771CDA /* CommonModels.swift in Sources */ = {isa = PBXBuildFile; fileRef = AF7BD6FD2546BD1F00771CDA /* CommonModels.swift */; };
		AF7BD7002546E38200771CDA /* CourseCellView.swift in Sources */ = {isa = PBXBuildFile; fileRef = AF7BD6FF2546E38200771CDA /* CourseCellView.swift */; };
		AF7BD7022546F18400771CDA /* CourseTableBodyView.swift in Sources */ = {isa = PBXBuildFile; fileRef = AF7BD7012546F18400771CDA /* CourseTableBodyView.swift */; };
		AFA03E5D254EC85A0037E76A /* GradePointAverageView.swift in Sources */ = {isa = PBXBuildFile; fileRef = AFA03E5C254EC85A0037E76A /* GradePointAverageView.swift */; };
		AFA91CCA2549C07200769B1B /* .gitignore in Resources */ = {isa = PBXBuildFile; fileRef = AFA91CC92549C07200769B1B /* .gitignore */; };
		AFE3553F25491E370099B1CB /* UserCenterView.swift in Sources */ = {isa = PBXBuildFile; fileRef = AFE3553E25491E370099B1CB /* UserCenterView.swift */; };
/* End PBXBuildFile section */

/* Begin PBXContainerItemProxy section */
		AF3053A925455A6800F849A9 /* PBXContainerItemProxy */ = {
			isa = PBXContainerItemProxy;
			containerPortal = AF30538A25455A6600F849A9 /* Project object */;
			proxyType = 1;
			remoteGlobalIDString = AF30539125455A6600F849A9;
			remoteInfo = LNTUHelper;
		};
		AF3053B425455A6800F849A9 /* PBXContainerItemProxy */ = {
			isa = PBXContainerItemProxy;
			containerPortal = AF30538A25455A6600F849A9 /* Project object */;
			proxyType = 1;
			remoteGlobalIDString = AF30539125455A6600F849A9;
			remoteInfo = LNTUHelper;
		};
/* End PBXContainerItemProxy section */

/* Begin PBXFileReference section */
		AF12457A254EB6E300FFB1E7 /* SwiftUIWebView.swift */ = {isa = PBXFileReference; lastKnownFileType = sourcecode.swift; path = SwiftUIWebView.swift; sourceTree = "<group>"; };
		AF12457F254EB72600FFB1E7 /* SwiftUIWebViewModel.swift */ = {isa = PBXFileReference; lastKnownFileType = sourcecode.swift; path = SwiftUIWebViewModel.swift; sourceTree = "<group>"; };
		AF2849A4254C6DB800D78D2C /* HapticModels.swift */ = {isa = PBXFileReference; lastKnownFileType = sourcecode.swift; path = HapticModels.swift; sourceTree = "<group>"; };
		AF2849A7254C6E3500D78D2C /* clicked.wav */ = {isa = PBXFileReference; lastKnownFileType = audio.wav; path = clicked.wav; sourceTree = "<group>"; };
		AF2849A8254C6E3500D78D2C /* sended.wav */ = {isa = PBXFileReference; lastKnownFileType = audio.wav; path = sended.wav; sourceTree = "<group>"; };
		AF2849A9254C6E3500D78D2C /* loading.wav */ = {isa = PBXFileReference; lastKnownFileType = audio.wav; path = loading.wav; sourceTree = "<group>"; };
		AF2849AA254C6E3500D78D2C /* reminding.wav */ = {isa = PBXFileReference; lastKnownFileType = audio.wav; path = reminding.wav; sourceTree = "<group>"; };
		AF30539225455A6600F849A9 /* LNTUHelper.app */ = {isa = PBXFileReference; explicitFileType = wrapper.application; includeInIndex = 0; path = LNTUHelper.app; sourceTree = BUILT_PRODUCTS_DIR; };
		AF30539525455A6600F849A9 /* AppDelegate.swift */ = {isa = PBXFileReference; lastKnownFileType = sourcecode.swift; path = AppDelegate.swift; sourceTree = "<group>"; };
		AF30539725455A6600F849A9 /* SceneDelegate.swift */ = {isa = PBXFileReference; lastKnownFileType = sourcecode.swift; path = SceneDelegate.swift; sourceTree = "<group>"; };
		AF30539925455A6600F849A9 /* ContentView.swift */ = {isa = PBXFileReference; lastKnownFileType = sourcecode.swift; path = ContentView.swift; sourceTree = "<group>"; };
		AF30539B25455A6800F849A9 /* Assets.xcassets */ = {isa = PBXFileReference; lastKnownFileType = folder.assetcatalog; path = Assets.xcassets; sourceTree = "<group>"; };
		AF30539E25455A6800F849A9 /* Preview Assets.xcassets */ = {isa = PBXFileReference; lastKnownFileType = folder.assetcatalog; path = "Preview Assets.xcassets"; sourceTree = "<group>"; };
		AF3053A125455A6800F849A9 /* Base */ = {isa = PBXFileReference; lastKnownFileType = file.storyboard; name = Base; path = Base.lproj/LaunchScreen.storyboard; sourceTree = "<group>"; };
		AF3053A325455A6800F849A9 /* Info.plist */ = {isa = PBXFileReference; lastKnownFileType = text.plist.xml; path = Info.plist; sourceTree = "<group>"; };
		AF3053A825455A6800F849A9 /* LNTUHelperTests.xctest */ = {isa = PBXFileReference; explicitFileType = wrapper.cfbundle; includeInIndex = 0; path = LNTUHelperTests.xctest; sourceTree = BUILT_PRODUCTS_DIR; };
		AF3053AC25455A6800F849A9 /* LNTUHelperTests.swift */ = {isa = PBXFileReference; lastKnownFileType = sourcecode.swift; path = LNTUHelperTests.swift; sourceTree = "<group>"; };
		AF3053AE25455A6800F849A9 /* Info.plist */ = {isa = PBXFileReference; lastKnownFileType = text.plist.xml; path = Info.plist; sourceTree = "<group>"; };
		AF3053B325455A6800F849A9 /* LNTUHelperUITests.xctest */ = {isa = PBXFileReference; explicitFileType = wrapper.cfbundle; includeInIndex = 0; path = LNTUHelperUITests.xctest; sourceTree = BUILT_PRODUCTS_DIR; };
		AF3053B725455A6800F849A9 /* LNTUHelperUITests.swift */ = {isa = PBXFileReference; lastKnownFileType = sourcecode.swift; path = LNTUHelperUITests.swift; sourceTree = "<group>"; };
		AF3053B925455A6800F849A9 /* Info.plist */ = {isa = PBXFileReference; lastKnownFileType = text.plist.xml; path = Info.plist; sourceTree = "<group>"; };
		AF3053C725455ADC00F849A9 /* APIRouter.swift */ = {isa = PBXFileReference; lastKnownFileType = sourcecode.swift; path = APIRouter.swift; sourceTree = "<group>"; };
		AF3053C925455AE400F849A9 /* APIClient.swift */ = {isa = PBXFileReference; lastKnownFileType = sourcecode.swift; path = APIClient.swift; sourceTree = "<group>"; };
		AF3053CE25455D6700F849A9 /* Constants.swift */ = {isa = PBXFileReference; lastKnownFileType = sourcecode.swift; path = Constants.swift; sourceTree = "<group>"; };
		AF3053D025456E2000F849A9 /* AppErrors.swift */ = {isa = PBXFileReference; lastKnownFileType = sourcecode.swift; path = AppErrors.swift; sourceTree = "<group>"; };
		AF3053D3254570CD00F849A9 /* ClassroomModel.swift */ = {isa = PBXFileReference; lastKnownFileType = sourcecode.swift; path = ClassroomModel.swift; sourceTree = "<group>"; };
		AF3053D52545710300F849A9 /* ClassroomView.swift */ = {isa = PBXFileReference; lastKnownFileType = sourcecode.swift; path = ClassroomView.swift; sourceTree = "<group>"; };
		AF3053D72545711300F849A9 /* ClassroomViewModel.swift */ = {isa = PBXFileReference; lastKnownFileType = sourcecode.swift; path = ClassroomViewModel.swift; sourceTree = "<group>"; };
		AF525B30254804EC006A2CC9 /* CommonModifiers.swift */ = {isa = PBXFileReference; lastKnownFileType = sourcecode.swift; path = CommonModifiers.swift; sourceTree = "<group>"; };
		AF599BED2547E4B000E8D769 /* ViewRouter.swift */ = {isa = PBXFileReference; lastKnownFileType = sourcecode.swift; path = ViewRouter.swift; sourceTree = "<group>"; };
		AF599BEF2547E57800E8D769 /* LoginView.swift */ = {isa = PBXFileReference; lastKnownFileType = sourcecode.swift; path = LoginView.swift; sourceTree = "<group>"; };
		AF599BF12547EBD400E8D769 /* LoginViewModel.swift */ = {isa = PBXFileReference; lastKnownFileType = sourcecode.swift; path = LoginViewModel.swift; sourceTree = "<group>"; };
		AF599BF42547EDE200E8D769 /* LoginModel.swift */ = {isa = PBXFileReference; lastKnownFileType = sourcecode.swift; path = LoginModel.swift; sourceTree = "<group>"; };
		AF5E4ACC254A595300736FB4 /* GradeView.swift */ = {isa = PBXFileReference; lastKnownFileType = sourcecode.swift; path = GradeView.swift; sourceTree = "<group>"; };
		AF5E4ACE254A596C00736FB4 /* GradeViewModel.swift */ = {isa = PBXFileReference; lastKnownFileType = sourcecode.swift; path = GradeViewModel.swift; sourceTree = "<group>"; };
		AF5E4AD0254A59A900736FB4 /* GradeModel.swift */ = {isa = PBXFileReference; lastKnownFileType = sourcecode.swift; path = GradeModel.swift; sourceTree = "<group>"; };
		AF5E4AD4254A8ADC00736FB4 /* SemesterPickerView.swift */ = {isa = PBXFileReference; lastKnownFileType = sourcecode.swift; path = SemesterPickerView.swift; sourceTree = "<group>"; };
		AF5E4AD7254A8B0A00736FB4 /* GradeRowView.swift */ = {isa = PBXFileReference; lastKnownFileType = sourcecode.swift; path = GradeRowView.swift; sourceTree = "<group>"; };
		AF5E4AD9254A8BA600736FB4 /* GradeRowDetailView.swift */ = {isa = PBXFileReference; lastKnownFileType = sourcecode.swift; path = GradeRowDetailView.swift; sourceTree = "<group>"; };
		AF5E4ADC254AD95500736FB4 /* NoticeView.swift */ = {isa = PBXFileReference; lastKnownFileType = sourcecode.swift; path = NoticeView.swift; sourceTree = "<group>"; };
		AF5E4ADE254AD98200736FB4 /* NoticeRowDetailView.swift */ = {isa = PBXFileReference; lastKnownFileType = sourcecode.swift; path = NoticeRowDetailView.swift; sourceTree = "<group>"; };
		AF5E4AE0254AD9A400736FB4 /* NoticeModel.swift */ = {isa = PBXFileReference; lastKnownFileType = sourcecode.swift; path = NoticeModel.swift; sourceTree = "<group>"; };
		AF5E4AE2254AD9B800736FB4 /* NoticeViewModel.swift */ = {isa = PBXFileReference; lastKnownFileType = sourcecode.swift; path = NoticeViewModel.swift; sourceTree = "<group>"; };
		AF5E4AE4254ADB1C00736FB4 /* NoticeCardView.swift */ = {isa = PBXFileReference; lastKnownFileType = sourcecode.swift; path = NoticeCardView.swift; sourceTree = "<group>"; };
		AF5E4AE6254ADC2800736FB4 /* SectionTextAndImage.swift */ = {isa = PBXFileReference; lastKnownFileType = sourcecode.swift; path = SectionTextAndImage.swift; sourceTree = "<group>"; };
		AF5E4AE8254ADE9F00736FB4 /* NoticeRowView.swift */ = {isa = PBXFileReference; lastKnownFileType = sourcecode.swift; path = NoticeRowView.swift; sourceTree = "<group>"; };
		AF5E4AEB254AF84800736FB4 /* UserCenterInfoView.swift */ = {isa = PBXFileReference; lastKnownFileType = sourcecode.swift; path = UserCenterInfoView.swift; sourceTree = "<group>"; };
		AF79D2842545A0C000C962AE /* BannerModifier.swift */ = {isa = PBXFileReference; lastKnownFileType = sourcecode.swift; path = BannerModifier.swift; sourceTree = "<group>"; };
		AF79D2862545B5DF00C962AE /* ClassroomDetailView.swift */ = {isa = PBXFileReference; lastKnownFileType = sourcecode.swift; path = ClassroomDetailView.swift; sourceTree = "<group>"; };
		AF7BD6F32545BDAF00771CDA /* ClassroomDetailRowView.swift */ = {isa = PBXFileReference; lastKnownFileType = sourcecode.swift; path = ClassroomDetailRowView.swift; sourceTree = "<group>"; };
		AF7BD6F72546BB9900771CDA /* CourseTableView.swift */ = {isa = PBXFileReference; lastKnownFileType = sourcecode.swift; path = CourseTableView.swift; sourceTree = "<group>"; };
		AF7BD6F92546BBA200771CDA /* CourseTableModel.swift */ = {isa = PBXFileReference; lastKnownFileType = sourcecode.swift; path = CourseTableModel.swift; sourceTree = "<group>"; };
		AF7BD6FB2546BBAD00771CDA /* CourseTableViewModel.swift */ = {isa = PBXFileReference; lastKnownFileType = sourcecode.swift; path = CourseTableViewModel.swift; sourceTree = "<group>"; };
		AF7BD6FD2546BD1F00771CDA /* CommonModels.swift */ = {isa = PBXFileReference; lastKnownFileType = sourcecode.swift; path = CommonModels.swift; sourceTree = "<group>"; };
		AF7BD6FF2546E38200771CDA /* CourseCellView.swift */ = {isa = PBXFileReference; lastKnownFileType = sourcecode.swift; path = CourseCellView.swift; sourceTree = "<group>"; };
		AF7BD7012546F18400771CDA /* CourseTableBodyView.swift */ = {isa = PBXFileReference; lastKnownFileType = sourcecode.swift; path = CourseTableBodyView.swift; sourceTree = "<group>"; };
		AFA03E5C254EC85A0037E76A /* GradePointAverageView.swift */ = {isa = PBXFileReference; fileEncoding = 4; lastKnownFileType = sourcecode.swift; path = GradePointAverageView.swift; sourceTree = "<group>"; };
		AFA91CC92549C07200769B1B /* .gitignore */ = {isa = PBXFileReference; lastKnownFileType = text; path = .gitignore; sourceTree = "<group>"; };
		AFA91CCB2549C09A00769B1B /* README.md */ = {isa = PBXFileReference; lastKnownFileType = net.daringfireball.markdown; path = README.md; sourceTree = "<group>"; };
		AFE3553E25491E370099B1CB /* UserCenterView.swift */ = {isa = PBXFileReference; lastKnownFileType = sourcecode.swift; path = UserCenterView.swift; sourceTree = "<group>"; };
/* End PBXFileReference section */

/* Begin PBXFrameworksBuildPhase section */
		AF30538F25455A6600F849A9 /* Frameworks */ = {
			isa = PBXFrameworksBuildPhase;
			buildActionMask = 2147483647;
			files = (
				AF3053CD25455B0C00F849A9 /* Alamofire in Frameworks */,
			);
			runOnlyForDeploymentPostprocessing = 0;
		};
		AF3053A525455A6800F849A9 /* Frameworks */ = {
			isa = PBXFrameworksBuildPhase;
			buildActionMask = 2147483647;
			files = (
			);
			runOnlyForDeploymentPostprocessing = 0;
		};
		AF3053B025455A6800F849A9 /* Frameworks */ = {
			isa = PBXFrameworksBuildPhase;
			buildActionMask = 2147483647;
			files = (
			);
			runOnlyForDeploymentPostprocessing = 0;
		};
/* End PBXFrameworksBuildPhase section */

/* Begin PBXGroup section */
		AF2849A6254C6E3500D78D2C /* MP3 */ = {
			isa = PBXGroup;
			children = (
				AF2849A7254C6E3500D78D2C /* clicked.wav */,
				AF2849A8254C6E3500D78D2C /* sended.wav */,
				AF2849A9254C6E3500D78D2C /* loading.wav */,
				AF2849AA254C6E3500D78D2C /* reminding.wav */,
			);
			path = MP3;
			sourceTree = "<group>";
		};
		AF30538925455A6600F849A9 = {
			isa = PBXGroup;
			children = (
				AF30539425455A6600F849A9 /* LNTUHelper */,
				AF3053AB25455A6800F849A9 /* LNTUHelperTests */,
				AF3053B625455A6800F849A9 /* LNTUHelperUITests */,
				AFA91CCB2549C09A00769B1B /* README.md */,
				AFA91CC92549C07200769B1B /* .gitignore */,
				AF30539325455A6600F849A9 /* Products */,
			);
			sourceTree = "<group>";
		};
		AF30539325455A6600F849A9 /* Products */ = {
			isa = PBXGroup;
			children = (
				AF30539225455A6600F849A9 /* LNTUHelper.app */,
				AF3053A825455A6800F849A9 /* LNTUHelperTests.xctest */,
				AF3053B325455A6800F849A9 /* LNTUHelperUITests.xctest */,
			);
			name = Products;
			sourceTree = "<group>";
		};
		AF30539425455A6600F849A9 /* LNTUHelper */ = {
			isa = PBXGroup;
			children = (
				AF3053C625455AC600F849A9 /* API */,
				AF79D2832545A0B400C962AE /* Common */,
				AF599BF32547EBD800E8D769 /* Login */,
				AF7BD6F62546BB7B00771CDA /* CourseTable */,
				AF5E4ADB254AD94600736FB4 /* Notice */,
				AF3053D2254570C200F849A9 /* Classroom */,
				AF5E4ACB254A590D00736FB4 /* Grade */,
				AFE3553D25491E180099B1CB /* UserCenter */,
				AF30539D25455A6800F849A9 /* Preview Content */,
				AF3053C525455A7F00F849A9 /* Supportings */,
				AF30539925455A6600F849A9 /* ContentView.swift */,
				AF599BED2547E4B000E8D769 /* ViewRouter.swift */,
				AF3053A325455A6800F849A9 /* Info.plist */,
			);
			path = LNTUHelper;
			sourceTree = "<group>";
		};
		AF30539D25455A6800F849A9 /* Preview Content */ = {
			isa = PBXGroup;
			children = (
				AF2849A6254C6E3500D78D2C /* MP3 */,
				AF30539E25455A6800F849A9 /* Preview Assets.xcassets */,
				AF30539B25455A6800F849A9 /* Assets.xcassets */,
			);
			path = "Preview Content";
			sourceTree = "<group>";
		};
		AF3053AB25455A6800F849A9 /* LNTUHelperTests */ = {
			isa = PBXGroup;
			children = (
				AF3053AC25455A6800F849A9 /* LNTUHelperTests.swift */,
				AF3053AE25455A6800F849A9 /* Info.plist */,
			);
			path = LNTUHelperTests;
			sourceTree = "<group>";
		};
		AF3053B625455A6800F849A9 /* LNTUHelperUITests */ = {
			isa = PBXGroup;
			children = (
				AF3053B725455A6800F849A9 /* LNTUHelperUITests.swift */,
				AF3053B925455A6800F849A9 /* Info.plist */,
			);
			path = LNTUHelperUITests;
			sourceTree = "<group>";
		};
		AF3053C525455A7F00F849A9 /* Supportings */ = {
			isa = PBXGroup;
			children = (
				AF3053A025455A6800F849A9 /* LaunchScreen.storyboard */,
				AF30539525455A6600F849A9 /* AppDelegate.swift */,
				AF30539725455A6600F849A9 /* SceneDelegate.swift */,
			);
			path = Supportings;
			sourceTree = "<group>";
		};
		AF3053C625455AC600F849A9 /* API */ = {
			isa = PBXGroup;
			children = (
				AF3053C725455ADC00F849A9 /* APIRouter.swift */,
				AF3053C925455AE400F849A9 /* APIClient.swift */,
				AF3053CE25455D6700F849A9 /* Constants.swift */,
				AF3053D025456E2000F849A9 /* AppErrors.swift */,
			);
			path = API;
			sourceTree = "<group>";
		};
		AF3053D2254570C200F849A9 /* Classroom */ = {
			isa = PBXGroup;
			children = (
				AF3053D3254570CD00F849A9 /* ClassroomModel.swift */,
				AF3053D52545710300F849A9 /* ClassroomView.swift */,
				AF3053D72545711300F849A9 /* ClassroomViewModel.swift */,
				AFE3553C25486A1C0099B1CB /* SubViews */,
			);
			path = Classroom;
			sourceTree = "<group>";
		};
		AF599BF32547EBD800E8D769 /* Login */ = {
			isa = PBXGroup;
			children = (
				AF599BF42547EDE200E8D769 /* LoginModel.swift */,
				AF599BEF2547E57800E8D769 /* LoginView.swift */,
				AF599BF12547EBD400E8D769 /* LoginViewModel.swift */,
			);
			path = Login;
			sourceTree = "<group>";
		};
		AF5E4ACB254A590D00736FB4 /* Grade */ = {
			isa = PBXGroup;
			children = (
				AF5E4AD0254A59A900736FB4 /* GradeModel.swift */,
				AF5E4ACC254A595300736FB4 /* GradeView.swift */,
				AF5E4ACE254A596C00736FB4 /* GradeViewModel.swift */,
				AF5E4AD6254A8AF300736FB4 /* SubViews */,
			);
			path = Grade;
			sourceTree = "<group>";
		};
		AF5E4AD6254A8AF300736FB4 /* SubViews */ = {
			isa = PBXGroup;
			children = (
				AFA03E5C254EC85A0037E76A /* GradePointAverageView.swift */,
				AF5E4AD4254A8ADC00736FB4 /* SemesterPickerView.swift */,
				AF5E4AD7254A8B0A00736FB4 /* GradeRowView.swift */,
				AF5E4AD9254A8BA600736FB4 /* GradeRowDetailView.swift */,
			);
			path = SubViews;
			sourceTree = "<group>";
		};
		AF5E4ADB254AD94600736FB4 /* Notice */ = {
			isa = PBXGroup;
			children = (
				AF5E4AE0254AD9A400736FB4 /* NoticeModel.swift */,
				AF5E4ADC254AD95500736FB4 /* NoticeView.swift */,
				AF5E4AE2254AD9B800736FB4 /* NoticeViewModel.swift */,
				AF5E4AEA254AE26B00736FB4 /* SubViews */,
			);
			path = Notice;
			sourceTree = "<group>";
		};
		AF5E4AEA254AE26B00736FB4 /* SubViews */ = {
			isa = PBXGroup;
			children = (
				AF5E4AE4254ADB1C00736FB4 /* NoticeCardView.swift */,
				AF5E4AE8254ADE9F00736FB4 /* NoticeRowView.swift */,
				AF5E4ADE254AD98200736FB4 /* NoticeRowDetailView.swift */,
				AF5E4AE6254ADC2800736FB4 /* SectionTextAndImage.swift */,
			);
			path = SubViews;
			sourceTree = "<group>";
		};
		AF79D2832545A0B400C962AE /* Common */ = {
			isa = PBXGroup;
			children = (
				AF79D2842545A0C000C962AE /* BannerModifier.swift */,
				AF7BD6FD2546BD1F00771CDA /* CommonModels.swift */,
				AF525B30254804EC006A2CC9 /* CommonModifiers.swift */,
				AF2849A4254C6DB800D78D2C /* HapticModels.swift */,
				AF12457A254EB6E300FFB1E7 /* SwiftUIWebView.swift */,
				AF12457F254EB72600FFB1E7 /* SwiftUIWebViewModel.swift */,
			);
			path = Common;
			sourceTree = "<group>";
		};
		AF7BD6F62546BB7B00771CDA /* CourseTable */ = {
			isa = PBXGroup;
			children = (
				AF7BD6F92546BBA200771CDA /* CourseTableModel.swift */,
				AF7BD6F72546BB9900771CDA /* CourseTableView.swift */,
				AF7BD6FB2546BBAD00771CDA /* CourseTableViewModel.swift */,
				AFE3553B25486A0F0099B1CB /* SubViews */,
			);
			path = CourseTable;
			sourceTree = "<group>";
		};
		AFE3553B25486A0F0099B1CB /* SubViews */ = {
			isa = PBXGroup;
			children = (
				AF7BD7012546F18400771CDA /* CourseTableBodyView.swift */,
				AF7BD6FF2546E38200771CDA /* CourseCellView.swift */,
			);
			path = SubViews;
			sourceTree = "<group>";
		};
		AFE3553C25486A1C0099B1CB /* SubViews */ = {
			isa = PBXGroup;
			children = (
				AF79D2862545B5DF00C962AE /* ClassroomDetailView.swift */,
				AF7BD6F32545BDAF00771CDA /* ClassroomDetailRowView.swift */,
			);
			path = SubViews;
			sourceTree = "<group>";
		};
		AFE3553D25491E180099B1CB /* UserCenter */ = {
			isa = PBXGroup;
			children = (
				AFE3553E25491E370099B1CB /* UserCenterView.swift */,
				AF5E4AEB254AF84800736FB4 /* UserCenterInfoView.swift */,
			);
			path = UserCenter;
			sourceTree = "<group>";
		};
/* End PBXGroup section */

/* Begin PBXNativeTarget section */
		AF30539125455A6600F849A9 /* LNTUHelper */ = {
			isa = PBXNativeTarget;
			buildConfigurationList = AF3053BC25455A6800F849A9 /* Build configuration list for PBXNativeTarget "LNTUHelper" */;
			buildPhases = (
				AF30538E25455A6600F849A9 /* Sources */,
				AF30538F25455A6600F849A9 /* Frameworks */,
				AF30539025455A6600F849A9 /* Resources */,
			);
			buildRules = (
			);
			dependencies = (
			);
			name = LNTUHelper;
			packageProductDependencies = (
				AF3053CC25455B0C00F849A9 /* Alamofire */,
			);
			productName = LNTUHelper;
			productReference = AF30539225455A6600F849A9 /* LNTUHelper.app */;
			productType = "com.apple.product-type.application";
		};
		AF3053A725455A6800F849A9 /* LNTUHelperTests */ = {
			isa = PBXNativeTarget;
			buildConfigurationList = AF3053BF25455A6800F849A9 /* Build configuration list for PBXNativeTarget "LNTUHelperTests" */;
			buildPhases = (
				AF3053A425455A6800F849A9 /* Sources */,
				AF3053A525455A6800F849A9 /* Frameworks */,
				AF3053A625455A6800F849A9 /* Resources */,
			);
			buildRules = (
			);
			dependencies = (
				AF3053AA25455A6800F849A9 /* PBXTargetDependency */,
			);
			name = LNTUHelperTests;
			productName = LNTUHelperTests;
			productReference = AF3053A825455A6800F849A9 /* LNTUHelperTests.xctest */;
			productType = "com.apple.product-type.bundle.unit-test";
		};
		AF3053B225455A6800F849A9 /* LNTUHelperUITests */ = {
			isa = PBXNativeTarget;
			buildConfigurationList = AF3053C225455A6800F849A9 /* Build configuration list for PBXNativeTarget "LNTUHelperUITests" */;
			buildPhases = (
				AF3053AF25455A6800F849A9 /* Sources */,
				AF3053B025455A6800F849A9 /* Frameworks */,
				AF3053B125455A6800F849A9 /* Resources */,
			);
			buildRules = (
			);
			dependencies = (
				AF3053B525455A6800F849A9 /* PBXTargetDependency */,
			);
			name = LNTUHelperUITests;
			productName = LNTUHelperUITests;
			productReference = AF3053B325455A6800F849A9 /* LNTUHelperUITests.xctest */;
			productType = "com.apple.product-type.bundle.ui-testing";
		};
/* End PBXNativeTarget section */

/* Begin PBXProject section */
		AF30538A25455A6600F849A9 /* Project object */ = {
			isa = PBXProject;
			attributes = {
				LastSwiftUpdateCheck = 1200;
				LastUpgradeCheck = 1200;
				TargetAttributes = {
					AF30539125455A6600F849A9 = {
						CreatedOnToolsVersion = 12.0;
					};
					AF3053A725455A6800F849A9 = {
						CreatedOnToolsVersion = 12.0;
						TestTargetID = AF30539125455A6600F849A9;
					};
					AF3053B225455A6800F849A9 = {
						CreatedOnToolsVersion = 12.0;
						TestTargetID = AF30539125455A6600F849A9;
					};
				};
			};
			buildConfigurationList = AF30538D25455A6600F849A9 /* Build configuration list for PBXProject "LNTUHelper" */;
			compatibilityVersion = "Xcode 9.3";
			developmentRegion = en;
			hasScannedForEncodings = 0;
			knownRegions = (
				en,
				Base,
			);
			mainGroup = AF30538925455A6600F849A9;
			packageReferences = (
				AF3053CB25455B0C00F849A9 /* XCRemoteSwiftPackageReference "Alamofire" */,
			);
			productRefGroup = AF30539325455A6600F849A9 /* Products */;
			projectDirPath = "";
			projectRoot = "";
			targets = (
				AF30539125455A6600F849A9 /* LNTUHelper */,
				AF3053A725455A6800F849A9 /* LNTUHelperTests */,
				AF3053B225455A6800F849A9 /* LNTUHelperUITests */,
			);
		};
/* End PBXProject section */

/* Begin PBXResourcesBuildPhase section */
		AF30539025455A6600F849A9 /* Resources */ = {
			isa = PBXResourcesBuildPhase;
			buildActionMask = 2147483647;
			files = (
				AFA91CCA2549C07200769B1B /* .gitignore in Resources */,
				AF2849AD254C6E3500D78D2C /* loading.wav in Resources */,
				AF2849AC254C6E3500D78D2C /* sended.wav in Resources */,
				AF2849AB254C6E3500D78D2C /* clicked.wav in Resources */,
				AF3053A225455A6800F849A9 /* LaunchScreen.storyboard in Resources */,
				AF30539F25455A6800F849A9 /* Preview Assets.xcassets in Resources */,
				AF2849AE254C6E3500D78D2C /* reminding.wav in Resources */,
				AF30539C25455A6800F849A9 /* Assets.xcassets in Resources */,
			);
			runOnlyForDeploymentPostprocessing = 0;
		};
		AF3053A625455A6800F849A9 /* Resources */ = {
			isa = PBXResourcesBuildPhase;
			buildActionMask = 2147483647;
			files = (
			);
			runOnlyForDeploymentPostprocessing = 0;
		};
		AF3053B125455A6800F849A9 /* Resources */ = {
			isa = PBXResourcesBuildPhase;
			buildActionMask = 2147483647;
			files = (
			);
			runOnlyForDeploymentPostprocessing = 0;
		};
/* End PBXResourcesBuildPhase section */

/* Begin PBXSourcesBuildPhase section */
		AF30538E25455A6600F849A9 /* Sources */ = {
			isa = PBXSourcesBuildPhase;
			buildActionMask = 2147483647;
			files = (
				AF30539625455A6600F849A9 /* AppDelegate.swift in Sources */,
				AF5E4ADA254A8BA600736FB4 /* GradeRowDetailView.swift in Sources */,
				AF5E4AEC254AF84900736FB4 /* UserCenterInfoView.swift in Sources */,
				AF79D2872545B5DF00C962AE /* ClassroomDetailView.swift in Sources */,
				AFE3553F25491E370099B1CB /* UserCenterView.swift in Sources */,
				AF5E4AE7254ADC2800736FB4 /* SectionTextAndImage.swift in Sources */,
				AF5E4AE3254AD9B800736FB4 /* NoticeViewModel.swift in Sources */,
				AF599BF22547EBD400E8D769 /* LoginViewModel.swift in Sources */,
				AF7BD6F82546BB9900771CDA /* CourseTableView.swift in Sources */,
				AF3053C825455ADC00F849A9 /* APIRouter.swift in Sources */,
				AF3053D62545710300F849A9 /* ClassroomView.swift in Sources */,
				AF7BD6FA2546BBA200771CDA /* CourseTableModel.swift in Sources */,
				AF79D2852545A0C000C962AE /* BannerModifier.swift in Sources */,
				AF7BD6FC2546BBAD00771CDA /* CourseTableViewModel.swift in Sources */,
				AF7BD6FE2546BD1F00771CDA /* CommonModels.swift in Sources */,
				AF2849A5254C6DB800D78D2C /* HapticModels.swift in Sources */,
				AF7BD7002546E38200771CDA /* CourseCellView.swift in Sources */,
				AF5E4ADF254AD98200736FB4 /* NoticeRowDetailView.swift in Sources */,
				AF5E4ADD254AD95500736FB4 /* NoticeView.swift in Sources */,
				AF3053CF25455D6700F849A9 /* Constants.swift in Sources */,
				AF3053D82545711300F849A9 /* ClassroomViewModel.swift in Sources */,
				AF599BF52547EDE200E8D769 /* LoginModel.swift in Sources */,
				AF3053D4254570CD00F849A9 /* ClassroomModel.swift in Sources */,
				AF5E4ACD254A595300736FB4 /* GradeView.swift in Sources */,
				AF5E4AE5254ADB1C00736FB4 /* NoticeCardView.swift in Sources */,
				AF7BD7022546F18400771CDA /* CourseTableBodyView.swift in Sources */,
				AF7BD6F42545BDAF00771CDA /* ClassroomDetailRowView.swift in Sources */,
				AF5E4AD1254A59A900736FB4 /* GradeModel.swift in Sources */,
				AF599BF02547E57800E8D769 /* LoginView.swift in Sources */,
				AF599BEE2547E4B000E8D769 /* ViewRouter.swift in Sources */,
				AF5E4ACF254A596C00736FB4 /* GradeViewModel.swift in Sources */,
				AF5E4AE9254ADE9F00736FB4 /* NoticeRowView.swift in Sources */,
				AF5E4AD5254A8ADC00736FB4 /* SemesterPickerView.swift in Sources */,
				AF5E4AE1254AD9A400736FB4 /* NoticeModel.swift in Sources */,
				AF124580254EB72600FFB1E7 /* SwiftUIWebViewModel.swift in Sources */,
				AF525B31254804EC006A2CC9 /* CommonModifiers.swift in Sources */,
				AF30539825455A6600F849A9 /* SceneDelegate.swift in Sources */,
				AF12457B254EB6E300FFB1E7 /* SwiftUIWebView.swift in Sources */,
				AFA03E5D254EC85A0037E76A /* GradePointAverageView.swift in Sources */,
				AF3053CA25455AE400F849A9 /* APIClient.swift in Sources */,
				AF5E4AD8254A8B0A00736FB4 /* GradeRowView.swift in Sources */,
				AF3053D125456E2000F849A9 /* AppErrors.swift in Sources */,
				AF30539A25455A6600F849A9 /* ContentView.swift in Sources */,
			);
			runOnlyForDeploymentPostprocessing = 0;
		};
		AF3053A425455A6800F849A9 /* Sources */ = {
			isa = PBXSourcesBuildPhase;
			buildActionMask = 2147483647;
			files = (
				AF3053AD25455A6800F849A9 /* LNTUHelperTests.swift in Sources */,
			);
			runOnlyForDeploymentPostprocessing = 0;
		};
		AF3053AF25455A6800F849A9 /* Sources */ = {
			isa = PBXSourcesBuildPhase;
			buildActionMask = 2147483647;
			files = (
				AF3053B825455A6800F849A9 /* LNTUHelperUITests.swift in Sources */,
			);
			runOnlyForDeploymentPostprocessing = 0;
		};
/* End PBXSourcesBuildPhase section */

/* Begin PBXTargetDependency section */
		AF3053AA25455A6800F849A9 /* PBXTargetDependency */ = {
			isa = PBXTargetDependency;
			target = AF30539125455A6600F849A9 /* LNTUHelper */;
			targetProxy = AF3053A925455A6800F849A9 /* PBXContainerItemProxy */;
		};
		AF3053B525455A6800F849A9 /* PBXTargetDependency */ = {
			isa = PBXTargetDependency;
			target = AF30539125455A6600F849A9 /* LNTUHelper */;
			targetProxy = AF3053B425455A6800F849A9 /* PBXContainerItemProxy */;
		};
/* End PBXTargetDependency section */

/* Begin PBXVariantGroup section */
		AF3053A025455A6800F849A9 /* LaunchScreen.storyboard */ = {
			isa = PBXVariantGroup;
			children = (
				AF3053A125455A6800F849A9 /* Base */,
			);
			name = LaunchScreen.storyboard;
			sourceTree = "<group>";
		};
/* End PBXVariantGroup section */

/* Begin XCBuildConfiguration section */
		AF3053BA25455A6800F849A9 /* Debug */ = {
			isa = XCBuildConfiguration;
			buildSettings = {
				ALWAYS_SEARCH_USER_PATHS = NO;
				CLANG_ANALYZER_NONNULL = YES;
				CLANG_ANALYZER_NUMBER_OBJECT_CONVERSION = YES_AGGRESSIVE;
				CLANG_CXX_LANGUAGE_STANDARD = "gnu++14";
				CLANG_CXX_LIBRARY = "libc++";
				CLANG_ENABLE_MODULES = YES;
				CLANG_ENABLE_OBJC_ARC = YES;
				CLANG_ENABLE_OBJC_WEAK = YES;
				CLANG_WARN_BLOCK_CAPTURE_AUTORELEASING = YES;
				CLANG_WARN_BOOL_CONVERSION = YES;
				CLANG_WARN_COMMA = YES;
				CLANG_WARN_CONSTANT_CONVERSION = YES;
				CLANG_WARN_DEPRECATED_OBJC_IMPLEMENTATIONS = YES;
				CLANG_WARN_DIRECT_OBJC_ISA_USAGE = YES_ERROR;
				CLANG_WARN_DOCUMENTATION_COMMENTS = YES;
				CLANG_WARN_EMPTY_BODY = YES;
				CLANG_WARN_ENUM_CONVERSION = YES;
				CLANG_WARN_INFINITE_RECURSION = YES;
				CLANG_WARN_INT_CONVERSION = YES;
				CLANG_WARN_NON_LITERAL_NULL_CONVERSION = YES;
				CLANG_WARN_OBJC_IMPLICIT_RETAIN_SELF = YES;
				CLANG_WARN_OBJC_LITERAL_CONVERSION = YES;
				CLANG_WARN_OBJC_ROOT_CLASS = YES_ERROR;
				CLANG_WARN_QUOTED_INCLUDE_IN_FRAMEWORK_HEADER = YES;
				CLANG_WARN_RANGE_LOOP_ANALYSIS = YES;
				CLANG_WARN_STRICT_PROTOTYPES = YES;
				CLANG_WARN_SUSPICIOUS_MOVE = YES;
				CLANG_WARN_UNGUARDED_AVAILABILITY = YES_AGGRESSIVE;
				CLANG_WARN_UNREACHABLE_CODE = YES;
				CLANG_WARN__DUPLICATE_METHOD_MATCH = YES;
				COPY_PHASE_STRIP = NO;
				DEBUG_INFORMATION_FORMAT = dwarf;
				ENABLE_STRICT_OBJC_MSGSEND = YES;
				ENABLE_TESTABILITY = YES;
				GCC_C_LANGUAGE_STANDARD = gnu11;
				GCC_DYNAMIC_NO_PIC = NO;
				GCC_NO_COMMON_BLOCKS = YES;
				GCC_OPTIMIZATION_LEVEL = 0;
				GCC_PREPROCESSOR_DEFINITIONS = (
					"DEBUG=1",
					"$(inherited)",
				);
				GCC_WARN_64_TO_32_BIT_CONVERSION = YES;
				GCC_WARN_ABOUT_RETURN_TYPE = YES_ERROR;
				GCC_WARN_UNDECLARED_SELECTOR = YES;
				GCC_WARN_UNINITIALIZED_AUTOS = YES_AGGRESSIVE;
				GCC_WARN_UNUSED_FUNCTION = YES;
				GCC_WARN_UNUSED_VARIABLE = YES;
				IPHONEOS_DEPLOYMENT_TARGET = 13.0;
				MTL_ENABLE_DEBUG_INFO = INCLUDE_SOURCE;
				MTL_FAST_MATH = YES;
				ONLY_ACTIVE_ARCH = YES;
				SDKROOT = iphoneos;
				SWIFT_ACTIVE_COMPILATION_CONDITIONS = DEBUG;
				SWIFT_OPTIMIZATION_LEVEL = "-Onone";
			};
			name = Debug;
		};
		AF3053BB25455A6800F849A9 /* Release */ = {
			isa = XCBuildConfiguration;
			buildSettings = {
				ALWAYS_SEARCH_USER_PATHS = NO;
				CLANG_ANALYZER_NONNULL = YES;
				CLANG_ANALYZER_NUMBER_OBJECT_CONVERSION = YES_AGGRESSIVE;
				CLANG_CXX_LANGUAGE_STANDARD = "gnu++14";
				CLANG_CXX_LIBRARY = "libc++";
				CLANG_ENABLE_MODULES = YES;
				CLANG_ENABLE_OBJC_ARC = YES;
				CLANG_ENABLE_OBJC_WEAK = YES;
				CLANG_WARN_BLOCK_CAPTURE_AUTORELEASING = YES;
				CLANG_WARN_BOOL_CONVERSION = YES;
				CLANG_WARN_COMMA = YES;
				CLANG_WARN_CONSTANT_CONVERSION = YES;
				CLANG_WARN_DEPRECATED_OBJC_IMPLEMENTATIONS = YES;
				CLANG_WARN_DIRECT_OBJC_ISA_USAGE = YES_ERROR;
				CLANG_WARN_DOCUMENTATION_COMMENTS = YES;
				CLANG_WARN_EMPTY_BODY = YES;
				CLANG_WARN_ENUM_CONVERSION = YES;
				CLANG_WARN_INFINITE_RECURSION = YES;
				CLANG_WARN_INT_CONVERSION = YES;
				CLANG_WARN_NON_LITERAL_NULL_CONVERSION = YES;
				CLANG_WARN_OBJC_IMPLICIT_RETAIN_SELF = YES;
				CLANG_WARN_OBJC_LITERAL_CONVERSION = YES;
				CLANG_WARN_OBJC_ROOT_CLASS = YES_ERROR;
				CLANG_WARN_QUOTED_INCLUDE_IN_FRAMEWORK_HEADER = YES;
				CLANG_WARN_RANGE_LOOP_ANALYSIS = YES;
				CLANG_WARN_STRICT_PROTOTYPES = YES;
				CLANG_WARN_SUSPICIOUS_MOVE = YES;
				CLANG_WARN_UNGUARDED_AVAILABILITY = YES_AGGRESSIVE;
				CLANG_WARN_UNREACHABLE_CODE = YES;
				CLANG_WARN__DUPLICATE_METHOD_MATCH = YES;
				COPY_PHASE_STRIP = NO;
				DEBUG_INFORMATION_FORMAT = "dwarf-with-dsym";
				ENABLE_NS_ASSERTIONS = NO;
				ENABLE_STRICT_OBJC_MSGSEND = YES;
				GCC_C_LANGUAGE_STANDARD = gnu11;
				GCC_NO_COMMON_BLOCKS = YES;
				GCC_WARN_64_TO_32_BIT_CONVERSION = YES;
				GCC_WARN_ABOUT_RETURN_TYPE = YES_ERROR;
				GCC_WARN_UNDECLARED_SELECTOR = YES;
				GCC_WARN_UNINITIALIZED_AUTOS = YES_AGGRESSIVE;
				GCC_WARN_UNUSED_FUNCTION = YES;
				GCC_WARN_UNUSED_VARIABLE = YES;
				IPHONEOS_DEPLOYMENT_TARGET = 13.0;
				MTL_ENABLE_DEBUG_INFO = NO;
				MTL_FAST_MATH = YES;
				SDKROOT = iphoneos;
				SWIFT_COMPILATION_MODE = wholemodule;
				SWIFT_OPTIMIZATION_LEVEL = "-O";
				VALIDATE_PRODUCT = YES;
			};
			name = Release;
		};
		AF3053BD25455A6800F849A9 /* Debug */ = {
			isa = XCBuildConfiguration;
			buildSettings = {
				ASSETCATALOG_COMPILER_APPICON_NAME = AppIcon;
				ASSETCATALOG_COMPILER_GLOBAL_ACCENT_COLOR_NAME = AccentColor;
				CODE_SIGN_STYLE = Automatic;
				DEVELOPMENT_ASSET_PATHS = "\"LNTUHelper/Preview Content\"";
				DEVELOPMENT_TEAM = M9CCRH8GRW;
				ENABLE_PREVIEWS = YES;
				INFOPLIST_FILE = LNTUHelper/Info.plist;
				IPHONEOS_DEPLOYMENT_TARGET = 13.0;
				LD_RUNPATH_SEARCH_PATHS = (
					"$(inherited)",
					"@executable_path/Frameworks",
				);
				PRODUCT_BUNDLE_IDENTIFIER = me.lntu.helper;
				PRODUCT_NAME = "$(TARGET_NAME)";
				SWIFT_VERSION = 5.0;
				TARGETED_DEVICE_FAMILY = "1,2";
			};
			name = Debug;
		};
		AF3053BE25455A6800F849A9 /* Release */ = {
			isa = XCBuildConfiguration;
			buildSettings = {
				ASSETCATALOG_COMPILER_APPICON_NAME = AppIcon;
				ASSETCATALOG_COMPILER_GLOBAL_ACCENT_COLOR_NAME = AccentColor;
				CODE_SIGN_STYLE = Automatic;
				DEVELOPMENT_ASSET_PATHS = "\"LNTUHelper/Preview Content\"";
				DEVELOPMENT_TEAM = M9CCRH8GRW;
				ENABLE_PREVIEWS = YES;
				INFOPLIST_FILE = LNTUHelper/Info.plist;
				IPHONEOS_DEPLOYMENT_TARGET = 13.0;
				LD_RUNPATH_SEARCH_PATHS = (
					"$(inherited)",
					"@executable_path/Frameworks",
				);
				PRODUCT_BUNDLE_IDENTIFIER = me.lntu.helper;
				PRODUCT_NAME = "$(TARGET_NAME)";
				SWIFT_VERSION = 5.0;
				TARGETED_DEVICE_FAMILY = "1,2";
			};
			name = Release;
		};
		AF3053C025455A6800F849A9 /* Debug */ = {
			isa = XCBuildConfiguration;
			buildSettings = {
				ALWAYS_EMBED_SWIFT_STANDARD_LIBRARIES = YES;
				BUNDLE_LOADER = "$(TEST_HOST)";
				CODE_SIGN_STYLE = Automatic;
				DEVELOPMENT_TEAM = 9U62MV7448;
				INFOPLIST_FILE = LNTUHelperTests/Info.plist;
				IPHONEOS_DEPLOYMENT_TARGET = 14.0;
				LD_RUNPATH_SEARCH_PATHS = (
					"$(inherited)",
					"@executable_path/Frameworks",
					"@loader_path/Frameworks",
				);
				PRODUCT_BUNDLE_IDENTIFIER = com.liaoguoyin.LNTUHelperTests;
				PRODUCT_NAME = "$(TARGET_NAME)";
				SWIFT_VERSION = 5.0;
				TARGETED_DEVICE_FAMILY = "1,2";
				TEST_HOST = "$(BUILT_PRODUCTS_DIR)/LNTUHelper.app/LNTUHelper";
			};
			name = Debug;
		};
		AF3053C125455A6800F849A9 /* Release */ = {
			isa = XCBuildConfiguration;
			buildSettings = {
				ALWAYS_EMBED_SWIFT_STANDARD_LIBRARIES = YES;
				BUNDLE_LOADER = "$(TEST_HOST)";
				CODE_SIGN_STYLE = Automatic;
				DEVELOPMENT_TEAM = 9U62MV7448;
				INFOPLIST_FILE = LNTUHelperTests/Info.plist;
				IPHONEOS_DEPLOYMENT_TARGET = 14.0;
				LD_RUNPATH_SEARCH_PATHS = (
					"$(inherited)",
					"@executable_path/Frameworks",
					"@loader_path/Frameworks",
				);
				PRODUCT_BUNDLE_IDENTIFIER = com.liaoguoyin.LNTUHelperTests;
				PRODUCT_NAME = "$(TARGET_NAME)";
				SWIFT_VERSION = 5.0;
				TARGETED_DEVICE_FAMILY = "1,2";
				TEST_HOST = "$(BUILT_PRODUCTS_DIR)/LNTUHelper.app/LNTUHelper";
			};
			name = Release;
		};
		AF3053C325455A6800F849A9 /* Debug */ = {
			isa = XCBuildConfiguration;
			buildSettings = {
				ALWAYS_EMBED_SWIFT_STANDARD_LIBRARIES = YES;
				CODE_SIGN_STYLE = Automatic;
				DEVELOPMENT_TEAM = 9U62MV7448;
				INFOPLIST_FILE = LNTUHelperUITests/Info.plist;
				LD_RUNPATH_SEARCH_PATHS = (
					"$(inherited)",
					"@executable_path/Frameworks",
					"@loader_path/Frameworks",
				);
				PRODUCT_BUNDLE_IDENTIFIER = com.liaoguoyin.LNTUHelperUITests;
				PRODUCT_NAME = "$(TARGET_NAME)";
				SWIFT_VERSION = 5.0;
				TARGETED_DEVICE_FAMILY = "1,2";
				TEST_TARGET_NAME = LNTUHelper;
			};
			name = Debug;
		};
		AF3053C425455A6800F849A9 /* Release */ = {
			isa = XCBuildConfiguration;
			buildSettings = {
				ALWAYS_EMBED_SWIFT_STANDARD_LIBRARIES = YES;
				CODE_SIGN_STYLE = Automatic;
				DEVELOPMENT_TEAM = 9U62MV7448;
				INFOPLIST_FILE = LNTUHelperUITests/Info.plist;
				LD_RUNPATH_SEARCH_PATHS = (
					"$(inherited)",
					"@executable_path/Frameworks",
					"@loader_path/Frameworks",
				);
				PRODUCT_BUNDLE_IDENTIFIER = com.liaoguoyin.LNTUHelperUITests;
				PRODUCT_NAME = "$(TARGET_NAME)";
				SWIFT_VERSION = 5.0;
				TARGETED_DEVICE_FAMILY = "1,2";
				TEST_TARGET_NAME = LNTUHelper;
			};
			name = Release;
		};
/* End XCBuildConfiguration section */

/* Begin XCConfigurationList section */
		AF30538D25455A6600F849A9 /* Build configuration list for PBXProject "LNTUHelper" */ = {
			isa = XCConfigurationList;
			buildConfigurations = (
				AF3053BA25455A6800F849A9 /* Debug */,
				AF3053BB25455A6800F849A9 /* Release */,
			);
			defaultConfigurationIsVisible = 0;
			defaultConfigurationName = Release;
		};
		AF3053BC25455A6800F849A9 /* Build configuration list for PBXNativeTarget "LNTUHelper" */ = {
			isa = XCConfigurationList;
			buildConfigurations = (
				AF3053BD25455A6800F849A9 /* Debug */,
				AF3053BE25455A6800F849A9 /* Release */,
			);
			defaultConfigurationIsVisible = 0;
			defaultConfigurationName = Release;
		};
		AF3053BF25455A6800F849A9 /* Build configuration list for PBXNativeTarget "LNTUHelperTests" */ = {
			isa = XCConfigurationList;
			buildConfigurations = (
				AF3053C025455A6800F849A9 /* Debug */,
				AF3053C125455A6800F849A9 /* Release */,
			);
			defaultConfigurationIsVisible = 0;
			defaultConfigurationName = Release;
		};
		AF3053C225455A6800F849A9 /* Build configuration list for PBXNativeTarget "LNTUHelperUITests" */ = {
			isa = XCConfigurationList;
			buildConfigurations = (
				AF3053C325455A6800F849A9 /* Debug */,
				AF3053C425455A6800F849A9 /* Release */,
			);
			defaultConfigurationIsVisible = 0;
			defaultConfigurationName = Release;
		};
/* End XCConfigurationList section */

/* Begin XCRemoteSwiftPackageReference section */
		AF3053CB25455B0C00F849A9 /* XCRemoteSwiftPackageReference "Alamofire" */ = {
			isa = XCRemoteSwiftPackageReference;
			repositoryURL = "https://github.com/Alamofire/Alamofire.git";
			requirement = {
				kind = upToNextMajorVersion;
				minimumVersion = 5.3.0;
			};
		};
/* End XCRemoteSwiftPackageReference section */

/* Begin XCSwiftPackageProductDependency section */
		AF3053CC25455B0C00F849A9 /* Alamofire */ = {
			isa = XCSwiftPackageProductDependency;
			package = AF3053CB25455B0C00F849A9 /* XCRemoteSwiftPackageReference "Alamofire" */;
			productName = Alamofire;
		};
/* End XCSwiftPackageProductDependency section */
	};
	rootObject = AF30538A25455A6600F849A9 /* Project object */;
}
